<?xml version="1.0" encoding="utf-8"?>
<Project xmlns="http://schemas.microsoft.com/developer/msbuild/2003">
  <ItemGroup>
    <Filter Include="Form Files">
      <UniqueIdentifier>{99349809-55BA-4b9d-BF79-8FDBB0286EB3}</UniqueIdentifier>
      <Extensions>ui</Extensions>
      <ParseFiles>false</ParseFiles>
    </Filter>
    <Filter Include="Form Files">
      <UniqueIdentifier>{99349809-55BA-4b9d-BF79-8FDBB0286EB3}</UniqueIdentifier>
      <Extensions>ui</Extensions>
      <ParseFiles>false</ParseFiles>
    </Filter>
    <Filter Include="Generated Files">
      <UniqueIdentifier>{71ED8ED8-ACB9-4CE9-BBE1-E00B30144E11}</UniqueIdentifier>
      <Extensions>cpp;c;cxx;moc;h;def;odl;idl;res;</Extensions>
    </Filter>
    <Filter Include="Generated Files">
      <UniqueIdentifier>{71ED8ED8-ACB9-4CE9-BBE1-E00B30144E11}</UniqueIdentifier>
      <Extensions>cpp;c;cxx;moc;h;def;odl;idl;res;</Extensions>
    </Filter>
    <Filter Include="Header Files">
      <UniqueIdentifier>{93995380-89BD-4b04-88EB-625FBE52EBFB}</UniqueIdentifier>
      <Extensions>h;hpp;hxx;hm;inl;inc;xsd</Extensions>
    </Filter>
    <Filter Include="Header Files">
      <UniqueIdentifier>{93995380-89BD-4b04-88EB-625FBE52EBFB}</UniqueIdentifier>
      <Extensions>h;hpp;hxx;hm;inl;inc;xsd</Extensions>
    </Filter>
    <Filter Include="Source Files">
      <UniqueIdentifier>{4FC737F1-C7A5-4376-A066-2A32D752A2FF}</UniqueIdentifier>
      <Extensions>cpp;c;cxx;def;odl;idl;hpj;bat;asm;asmx</Extensions>
    </Filter>
    <Filter Include="Source Files">
      <UniqueIdentifier>{4FC737F1-C7A5-4376-A066-2A32D752A2FF}</UniqueIdentifier>
      <Extensions>cpp;c;cxx;def;odl;idl;hpj;bat;asm;asmx</Extensions>
    </Filter>
    <Filter Include="Resources">
      <UniqueIdentifier>{b255f4a9-cbb3-4a3c-b35d-adf4db382ce7}</UniqueIdentifier>
    </Filter>
    <Filter Include="Header Files\Manager">
      <UniqueIdentifier>{919be500-8151-43fc-8d33-fb56632e1e85}</UniqueIdentifier>
    </Filter>
    <Filter Include="Source Files\Manager">
      <UniqueIdentifier>{c93c3a11-94f6-4479-a571-398bcb21f8db}</UniqueIdentifier>
    </Filter>
    <Filter Include="Source Files\Util">
      <UniqueIdentifier>{8ee0cec4-774e-4b5b-a3c8-45036e6899a3}</UniqueIdentifier>
    </Filter>
    <Filter Include="Header Files\Util">
      <UniqueIdentifier>{a883c697-7971-4b22-9339-c7ea9e35f9ad}</UniqueIdentifier>
    </Filter>
    <Filter Include="Header Files\Order">
      <UniqueIdentifier>{8f312c5b-6212-4914-a4f3-44f050334d91}</UniqueIdentifier>
    </Filter>
    <Filter Include="Source Files\Order">
      <UniqueIdentifier>{c5881b1e-01ca-477f-91c6-dc2c5761bc96}</UniqueIdentifier>
    </Filter>
    <Filter Include="Header Files\Model">
      <UniqueIdentifier>{ae7fa786-1cf7-4545-9981-ab79f28f0e67}</UniqueIdentifier>
    </Filter>
    <Filter Include="Source Files\Model">
      <UniqueIdentifier>{7a1052e9-b35e-4144-b5d9-82a174d9a546}</UniqueIdentifier>
    </Filter>
    <Filter Include="Source Files\Delegate">
      <UniqueIdentifier>{0d264521-a18b-473d-a7df-700d3d49d6a4}</UniqueIdentifier>
    </Filter>
    <Filter Include="Header Files\Delegate">
      <UniqueIdentifier>{aae3308d-b5a9-4747-8ca7-ef4ad3e5b086}</UniqueIdentifier>
    </Filter>
  </ItemGroup>
  <ItemGroup>
    <ClCompile Include="CMainWindow.cpp">
      <Filter>Source Files</Filter>
    </ClCompile>
    <ClCompile Include="main.cpp">
      <Filter>Source Files</Filter>
    </ClCompile>
    <ClCompile Include="stdafx.cpp">
      <Filter>Source Files</Filter>
    </ClCompile>
    <ClCompile Include="CUserPrefs.cpp">
      <Filter>Source Files</Filter>
    </ClCompile>
    <ClCompile Include="COrderManager.cpp">
      <Filter>Source Files\Manager</Filter>
    </ClCompile>
    <ClCompile Include="CAppStyleManager.cpp">
      <Filter>Source Files\Manager</Filter>
    </ClCompile>
    <ClCompile Include="CStringUtil.cpp">
      <Filter>Source Files\Util</Filter>
    </ClCompile>
    <ClCompile Include="CMsgBoxUtil.cpp">
      <Filter>Source Files\Util</Filter>
    </ClCompile>
    <ClCompile Include="FOrder.cpp">
      <Filter>Source Files\Order</Filter>
    </ClCompile>
    <ClCompile Include="FCustomer.cpp">
      <Filter>Source Files\Order</Filter>
    </ClCompile>
    <ClCompile Include="CCustomerListDelegate.cpp">
      <Filter>Source Files\Delegate</Filter>
    </ClCompile>
    <ClCompile Include="CCustomerListModel.cpp">
      <Filter>Source Files\Model</Filter>
    </ClCompile>
    <ClCompile Include="COrderManagerDelegate.cpp">
      <Filter>Source Files\Manager</Filter>
    </ClCompile>
    <ClCompile Include="EPayment.cpp">
      <Filter>Source Files\Order</Filter>
    </ClCompile>
    <ClCompile Include="CComponentManager.cpp">
      <Filter>Source Files\Manager</Filter>
    </ClCompile>
  </ItemGroup>
  <ItemGroup>
    <QtMoc Include="CMainWindow.h">
      <Filter>Header Files</Filter>
    </QtMoc>
  </ItemGroup>
  <ItemGroup>
    <CustomBuild Include="debug\moc_predefs.h.cbt">
      <Filter>Generated Files</Filter>
    </CustomBuild>
    <CustomBuild Include="release\moc_predefs.h.cbt">
      <Filter>Generated Files</Filter>
    </CustomBuild>
  </ItemGroup>
  <ItemGroup>
    <QtUic Include="CMainWindow.ui">
      <Filter>Form Files</Filter>
    </QtUic>
  </ItemGroup>
  <ItemGroup>
    <ClInclude Include="stdafx.h">
      <Filter>Header Files</Filter>
    </ClInclude>
    <ClInclude Include="resource.h">
      <Filter>Generated Files</Filter>
    </ClInclude>
    <ClInclude Include="CUserPrefs.h">
      <Filter>Header Files</Filter>
    </ClInclude>
    <ClInclude Include="COrderManager.h">
      <Filter>Header Files\Manager</Filter>
    </ClInclude>
    <ClInclude Include="CAppStyleManager.h">
      <Filter>Header Files\Manager</Filter>
    </ClInclude>
    <ClInclude Include="CMsgBoxUtil.h">
      <Filter>Header Files\Util</Filter>
    </ClInclude>
    <ClInclude Include="CStringUtil.h">
      <Filter>Header Files\Util</Filter>
    </ClInclude>
    <ClInclude Include="FOrder.h">
      <Filter>Header Files\Order</Filter>
    </ClInclude>
    <ClInclude Include="FCustomer.h">
      <Filter>Header Files\Order</Filter>
    </ClInclude>
    <ClInclude Include="CCustomerListDelegate.h">
      <Filter>Header Files\Delegate</Filter>
    </ClInclude>
    <ClInclude Include="CCustomerListModel.h">
      <Filter>Header Files\Model</Filter>
    </ClInclude>
    <ClInclude Include="COrderManagerDelegate.h">
      <Filter>Header Files\Manager</Filter>
    </ClInclude>
    <ClInclude Include="EPayment.h">
      <Filter>Header Files\Order</Filter>
    </ClInclude>
    <ClInclude Include="CComponentManager.h">
      <Filter>Header Files\Manager</Filter>
    </ClInclude>
  </ItemGroup>
  <ItemGroup>
    <ResourceCompile Include="NougatWin32.rc" />
  </ItemGroup>
</Project>